// !$*UTF8*$!
{
	archiveVersion = 1;
	classes = {
	};
	objectVersion = 46;
	objects = {

/* Begin PBXBuildFile section */
		456201771B50003800820E21 /* map.PNG in Resources */ = {isa = PBXBuildFile; fileRef = 456201761B50003800820E21 /* map.PNG */; };
		456201831B50071400820E21 /* iquii_square_white.png in Resources */ = {isa = PBXBuildFile; fileRef = 456201821B50071400820E21 /* iquii_square_white.png */; };
		45B8CF521B4A867C008E4502 /* main.m in Sources */ = {isa = PBXBuildFile; fileRef = 45B8CF511B4A867C008E4502 /* main.m */; };
		45B8CF551B4A867C008E4502 /* AppDelegate.m in Sources */ = {isa = PBXBuildFile; fileRef = 45B8CF541B4A867C008E4502 /* AppDelegate.m */; };
		45B8CF581B4A867C008E4502 /* ExampleViewController.m in Sources */ = {isa = PBXBuildFile; fileRef = 45B8CF571B4A867C008E4502 /* ExampleViewController.m */; };
		45B8CF5B1B4A867C008E4502 /* Main.storyboard in Resources */ = {isa = PBXBuildFile; fileRef = 45B8CF591B4A867C008E4502 /* Main.storyboard */; };
		45B8CF5D1B4A867C008E4502 /* Images.xcassets in Resources */ = {isa = PBXBuildFile; fileRef = 45B8CF5C1B4A867C008E4502 /* Images.xcassets */; };
		45B8CF601B4A867C008E4502 /* LaunchScreen.xib in Resources */ = {isa = PBXBuildFile; fileRef = 45B8CF5E1B4A867C008E4502 /* LaunchScreen.xib */; };
		45B8CF6C1B4A867C008E4502 /* ABLoaderTests.m in Sources */ = {isa = PBXBuildFile; fileRef = 45B8CF6B1B4A867C008E4502 /* ABLoaderTests.m */; };
		45B8CF781B4A91F2008E4502 /* ABLoaderView.m in Sources */ = {isa = PBXBuildFile; fileRef = 45B8CF771B4A91F2008E4502 /* ABLoaderView.m */; };
		B7403587B34E3163281D1409 /* libPods.a in Frameworks */ = {isa = PBXBuildFile; fileRef = 167E503640AE91476D605DC0 /* libPods.a */; };
/* End PBXBuildFile section */

/* Begin PBXContainerItemProxy section */
		45B8CF661B4A867C008E4502 /* PBXContainerItemProxy */ = {
			isa = PBXContainerItemProxy;
			containerPortal = 45B8CF441B4A867C008E4502 /* Project object */;
			proxyType = 1;
			remoteGlobalIDString = 45B8CF4B1B4A867C008E4502;
			remoteInfo = ABLoader;
		};
/* End PBXContainerItemProxy section */

/* Begin PBXFileReference section */
		167E503640AE91476D605DC0 /* libPods.a */ = {isa = PBXFileReference; explicitFileType = archive.ar; includeInIndex = 0; path = libPods.a; sourceTree = BUILT_PRODUCTS_DIR; };
		456201761B50003800820E21 /* map.PNG */ = {isa = PBXFileReference; lastKnownFileType = image.png; path = map.PNG; sourceTree = "<group>"; };
		456201821B50071400820E21 /* iquii_square_white.png */ = {isa = PBXFileReference; lastKnownFileType = image.png; path = iquii_square_white.png; sourceTree = "<group>"; };
		45B8CF4C1B4A867C008E4502 /* ABLoader.app */ = {isa = PBXFileReference; explicitFileType = wrapper.application; includeInIndex = 0; path = ABLoader.app; sourceTree = BUILT_PRODUCTS_DIR; };
		45B8CF501B4A867C008E4502 /* Info.plist */ = {isa = PBXFileReference; lastKnownFileType = text.plist.xml; path = Info.plist; sourceTree = "<group>"; };
		45B8CF511B4A867C008E4502 /* main.m */ = {isa = PBXFileReference; lastKnownFileType = sourcecode.c.objc; path = main.m; sourceTree = "<group>"; };
		45B8CF531B4A867C008E4502 /* AppDelegate.h */ = {isa = PBXFileReference; lastKnownFileType = sourcecode.c.h; path = AppDelegate.h; sourceTree = "<group>"; };
		45B8CF541B4A867C008E4502 /* AppDelegate.m */ = {isa = PBXFileReference; lastKnownFileType = sourcecode.c.objc; path = AppDelegate.m; sourceTree = "<group>"; };
		45B8CF561B4A867C008E4502 /* ExampleViewController.h */ = {isa = PBXFileReference; lastKnownFileType = sourcecode.c.h; path = ExampleViewController.h; sourceTree = "<group>"; };
		45B8CF571B4A867C008E4502 /* ExampleViewController.m */ = {isa = PBXFileReference; lastKnownFileType = sourcecode.c.objc; path = ExampleViewController.m; sourceTree = "<group>"; };
		45B8CF5A1B4A867C008E4502 /* Base */ = {isa = PBXFileReference; lastKnownFileType = file.storyboard; name = Base; path = Base.lproj/Main.storyboard; sourceTree = "<group>"; };
		45B8CF5C1B4A867C008E4502 /* Images.xcassets */ = {isa = PBXFileReference; lastKnownFileType = folder.assetcatalog; path = Images.xcassets; sourceTree = "<group>"; };
		45B8CF5F1B4A867C008E4502 /* Base */ = {isa = PBXFileReference; lastKnownFileType = file.xib; name = Base; path = Base.lproj/LaunchScreen.xib; sourceTree = "<group>"; };
		45B8CF651B4A867C008E4502 /* ABLoaderTests.xctest */ = {isa = PBXFileReference; explicitFileType = wrapper.cfbundle; includeInIndex = 0; path = ABLoaderTests.xctest; sourceTree = BUILT_PRODUCTS_DIR; };
		45B8CF6A1B4A867C008E4502 /* Info.plist */ = {isa = PBXFileReference; lastKnownFileType = text.plist.xml; path = Info.plist; sourceTree = "<group>"; };
		45B8CF6B1B4A867C008E4502 /* ABLoaderTests.m */ = {isa = PBXFileReference; lastKnownFileType = sourcecode.c.objc; path = ABLoaderTests.m; sourceTree = "<group>"; };
		45B8CF761B4A91F2008E4502 /* ABLoaderView.h */ = {isa = PBXFileReference; fileEncoding = 4; lastKnownFileType = sourcecode.c.h; path = ABLoaderView.h; sourceTree = "<group>"; };
		45B8CF771B4A91F2008E4502 /* ABLoaderView.m */ = {isa = PBXFileReference; fileEncoding = 4; lastKnownFileType = sourcecode.c.objc; path = ABLoaderView.m; sourceTree = "<group>"; };
		BF3DF814B286991D94FAB3BF /* Pods.release.xcconfig */ = {isa = PBXFileReference; includeInIndex = 1; lastKnownFileType = text.xcconfig; name = Pods.release.xcconfig; path = "Pods/Target Support Files/Pods/Pods.release.xcconfig"; sourceTree = "<group>"; };
		C36B24950AEF03FB1AEE9632 /* Pods.debug.xcconfig */ = {isa = PBXFileReference; includeInIndex = 1; lastKnownFileType = text.xcconfig; name = Pods.debug.xcconfig; path = "Pods/Target Support Files/Pods/Pods.debug.xcconfig"; sourceTree = "<group>"; };
/* End PBXFileReference section */

/* Begin PBXFrameworksBuildPhase section */
		45B8CF491B4A867C008E4502 /* Frameworks */ = {
			isa = PBXFrameworksBuildPhase;
			buildActionMask = 2147483647;
			files = (
				B7403587B34E3163281D1409 /* libPods.a in Frameworks */,
			);
			runOnlyForDeploymentPostprocessing = 0;
		};
		45B8CF621B4A867C008E4502 /* Frameworks */ = {
			isa = PBXFrameworksBuildPhase;
			buildActionMask = 2147483647;
			files = (
			);
			runOnlyForDeploymentPostprocessing = 0;
		};
/* End PBXFrameworksBuildPhase section */

/* Begin PBXGroup section */
		45B8CF431B4A867C008E4502 = {
			isa = PBXGroup;
			children = (
				45B8CF4E1B4A867C008E4502 /* ABLoader */,
				45B8CF681B4A867C008E4502 /* ABLoaderTests */,
				45B8CF4D1B4A867C008E4502 /* Products */,
				79586BAE093F2D54A9C2BD37 /* Pods */,
				D5E8152FBA815E10BBB057E0 /* Frameworks */,
			);
			sourceTree = "<group>";
		};
		45B8CF4D1B4A867C008E4502 /* Products */ = {
			isa = PBXGroup;
			children = (
				45B8CF4C1B4A867C008E4502 /* ABLoader.app */,
				45B8CF651B4A867C008E4502 /* ABLoaderTests.xctest */,
			);
			name = Products;
			sourceTree = "<group>";
		};
		45B8CF4E1B4A867C008E4502 /* ABLoader */ = {
			isa = PBXGroup;
			children = (
				45B8CF531B4A867C008E4502 /* AppDelegate.h */,
				45B8CF541B4A867C008E4502 /* AppDelegate.m */,
				45B8CF561B4A867C008E4502 /* ExampleViewController.h */,
				45B8CF571B4A867C008E4502 /* ExampleViewController.m */,
				456201821B50071400820E21 /* iquii_square_white.png */,
				456201761B50003800820E21 /* map.PNG */,
				45B8CF751B4A86BC008E4502 /* ABLoader lib */,
				45B8CF591B4A867C008E4502 /* Main.storyboard */,
				45B8CF5C1B4A867C008E4502 /* Images.xcassets */,
				45B8CF5E1B4A867C008E4502 /* LaunchScreen.xib */,
				45B8CF4F1B4A867C008E4502 /* Supporting Files */,
			);
			path = ABLoader;
			sourceTree = "<group>";
		};
		45B8CF4F1B4A867C008E4502 /* Supporting Files */ = {
			isa = PBXGroup;
			children = (
				45B8CF501B4A867C008E4502 /* Info.plist */,
				45B8CF511B4A867C008E4502 /* main.m */,
			);
			name = "Supporting Files";
			sourceTree = "<group>";
		};
		45B8CF681B4A867C008E4502 /* ABLoaderTests */ = {
			isa = PBXGroup;
			children = (
				45B8CF6B1B4A867C008E4502 /* ABLoaderTests.m */,
				45B8CF691B4A867C008E4502 /* Supporting Files */,
			);
			path = ABLoaderTests;
			sourceTree = "<group>";
		};
		45B8CF691B4A867C008E4502 /* Supporting Files */ = {
			isa = PBXGroup;
			children = (
				45B8CF6A1B4A867C008E4502 /* Info.plist */,
			);
			name = "Supporting Files";
			sourceTree = "<group>";
		};
		45B8CF751B4A86BC008E4502 /* ABLoader lib */ = {
			isa = PBXGroup;
			children = (
				45B8CF761B4A91F2008E4502 /* ABLoaderView.h */,
				45B8CF771B4A91F2008E4502 /* ABLoaderView.m */,
			);
			name = "ABLoader lib";
			sourceTree = "<group>";
		};
		79586BAE093F2D54A9C2BD37 /* Pods */ = {
			isa = PBXGroup;
			children = (
				C36B24950AEF03FB1AEE9632 /* Pods.debug.xcconfig */,
				BF3DF814B286991D94FAB3BF /* Pods.release.xcconfig */,
			);
			name = Pods;
			sourceTree = "<group>";
		};
		D5E8152FBA815E10BBB057E0 /* Frameworks */ = {
			isa = PBXGroup;
			children = (
				167E503640AE91476D605DC0 /* libPods.a */,
			);
			name = Frameworks;
			sourceTree = "<group>";
		};
/* End PBXGroup section */

/* Begin PBXNativeTarget section */
		45B8CF4B1B4A867C008E4502 /* ABLoader */ = {
			isa = PBXNativeTarget;
			buildConfigurationList = 45B8CF6F1B4A867C008E4502 /* Build configuration list for PBXNativeTarget "ABLoader" */;
			buildPhases = (
				5A5AEF81EACD7FE01E8293D0 /* Check Pods Manifest.lock */,
				45B8CF481B4A867C008E4502 /* Sources */,
				45B8CF491B4A867C008E4502 /* Frameworks */,
				45B8CF4A1B4A867C008E4502 /* Resources */,
				AA0DD483A0DDDAA965E3727D /* Copy Pods Resources */,
			);
			buildRules = (
			);
			dependencies = (
			);
			name = ABLoader;
			productName = ABLoader;
			productReference = 45B8CF4C1B4A867C008E4502 /* ABLoader.app */;
			productType = "com.apple.product-type.application";
		};
		45B8CF641B4A867C008E4502 /* ABLoaderTests */ = {
			isa = PBXNativeTarget;
			buildConfigurationList = 45B8CF721B4A867C008E4502 /* Build configuration list for PBXNativeTarget "ABLoaderTests" */;
			buildPhases = (
				45B8CF611B4A867C008E4502 /* Sources */,
				45B8CF621B4A867C008E4502 /* Frameworks */,
				45B8CF631B4A867C008E4502 /* Resources */,
			);
			buildRules = (
			);
			dependencies = (
				45B8CF671B4A867C008E4502 /* PBXTargetDependency */,
			);
			name = ABLoaderTests;
			productName = ABLoaderTests;
			productReference = 45B8CF651B4A867C008E4502 /* ABLoaderTests.xctest */;
			productType = "com.apple.product-type.bundle.unit-test";
		};
/* End PBXNativeTarget section */

/* Begin PBXProject section */
		45B8CF441B4A867C008E4502 /* Project object */ = {
			isa = PBXProject;
			attributes = {
				LastUpgradeCheck = 0640;
				ORGANIZATIONNAME = IQUII;
				TargetAttributes = {
					45B8CF4B1B4A867C008E4502 = {
						CreatedOnToolsVersion = 6.3.2;
					};
					45B8CF641B4A867C008E4502 = {
						CreatedOnToolsVersion = 6.3.2;
						TestTargetID = 45B8CF4B1B4A867C008E4502;
					};
				};
			};
			buildConfigurationList = 45B8CF471B4A867C008E4502 /* Build configuration list for PBXProject "ABLoader" */;
			compatibilityVersion = "Xcode 3.2";
			developmentRegion = English;
			hasScannedForEncodings = 0;
			knownRegions = (
				en,
				Base,
			);
			mainGroup = 45B8CF431B4A867C008E4502;
			productRefGroup = 45B8CF4D1B4A867C008E4502 /* Products */;
			projectDirPath = "";
			projectRoot = "";
			targets = (
				45B8CF4B1B4A867C008E4502 /* ABLoader */,
				45B8CF641B4A867C008E4502 /* ABLoaderTests */,
			);
		};
/* End PBXProject section */

/* Begin PBXResourcesBuildPhase section */
		45B8CF4A1B4A867C008E4502 /* Resources */ = {
			isa = PBXResourcesBuildPhase;
			buildActionMask = 2147483647;
			files = (
				456201771B50003800820E21 /* map.PNG in Resources */,
				456201831B50071400820E21 /* iquii_square_white.png in Resources */,
				45B8CF5B1B4A867C008E4502 /* Main.storyboard in Resources */,
				45B8CF601B4A867C008E4502 /* LaunchScreen.xib in Resources */,
				45B8CF5D1B4A867C008E4502 /* Images.xcassets in Resources */,
			);
			runOnlyForDeploymentPostprocessing = 0;
		};
		45B8CF631B4A867C008E4502 /* Resources */ = {
			isa = PBXResourcesBuildPhase;
			buildActionMask = 2147483647;
			files = (
			);
			runOnlyForDeploymentPostprocessing = 0;
		};
/* End PBXResourcesBuildPhase section */

/* Begin PBXShellScriptBuildPhase section */
		5A5AEF81EACD7FE01E8293D0 /* Check Pods Manifest.lock */ = {
			isa = PBXShellScriptBuildPhase;
			buildActionMask = 2147483647;
			files = (
			);
			inputPaths = (
			);
			name = "Check Pods Manifest.lock";
			outputPaths = (
			);
			runOnlyForDeploymentPostprocessing = 0;
			shellPath = /bin/sh;
			shellScript = "diff \"${PODS_ROOT}/../Podfile.lock\" \"${PODS_ROOT}/Manifest.lock\" > /dev/null\nif [[ $? != 0 ]] ; then\n    cat << EOM\nerror: The sandbox is not in sync with the Podfile.lock. Run 'pod install' or update your CocoaPods installation.\nEOM\n    exit 1\nfi\n";
			showEnvVarsInLog = 0;
		};
		AA0DD483A0DDDAA965E3727D /* Copy Pods Resources */ = {
			isa = PBXShellScriptBuildPhase;
			buildActionMask = 2147483647;
			files = (
			);
			inputPaths = (
			);
			name = "Copy Pods Resources";
			outputPaths = (
			);
			runOnlyForDeploymentPostprocessing = 0;
			shellPath = /bin/sh;
			shellScript = "\"${SRCROOT}/Pods/Target Support Files/Pods/Pods-resources.sh\"\n";
			showEnvVarsInLog = 0;
		};
/* End PBXShellScriptBuildPhase section */

/* Begin PBXSourcesBuildPhase section */
		45B8CF481B4A867C008E4502 /* Sources */ = {
			isa = PBXSourcesBuildPhase;
			buildActionMask = 2147483647;
			files = (
				45B8CF581B4A867C008E4502 /* ExampleViewController.m in Sources */,
				45B8CF551B4A867C008E4502 /* AppDelegate.m in Sources */,
				45B8CF781B4A91F2008E4502 /* ABLoaderView.m in Sources */,
				45B8CF521B4A867C008E4502 /* main.m in Sources */,
			);
			runOnlyForDeploymentPostprocessing = 0;
		};
		45B8CF611B4A867C008E4502 /* Sources */ = {
			isa = PBXSourcesBuildPhase;
			buildActionMask = 2147483647;
			files = (
				45B8CF6C1B4A867C008E4502 /* ABLoaderTests.m in Sources */,
			);
			runOnlyForDeploymentPostprocessing = 0;
		};
/* End PBXSourcesBuildPhase section */

/* Begin PBXTargetDependency section */
		45B8CF671B4A867C008E4502 /* PBXTargetDependency */ = {
			isa = PBXTargetDependency;
			target = 45B8CF4B1B4A867C008E4502 /* ABLoader */;
			targetProxy = 45B8CF661B4A867C008E4502 /* PBXContainerItemProxy */;
		};
/* End PBXTargetDependency section */

/* Begin PBXVariantGroup section */
		45B8CF591B4A867C008E4502 /* Main.storyboard */ = {
			isa = PBXVariantGroup;
			children = (
				45B8CF5A1B4A867C008E4502 /* Base */,
			);
			name = Main.storyboard;
			sourceTree = "<group>";
		};
		45B8CF5E1B4A867C008E4502 /* LaunchScreen.xib */ = {
			isa = PBXVariantGroup;
			children = (
				45B8CF5F1B4A867C008E4502 /* Base */,
			);
			name = LaunchScreen.xib;
			sourceTree = "<group>";
		};
/* End PBXVariantGroup section */

/* Begin XCBuildConfiguration section */
		45B8CF6D1B4A867C008E4502 /* Debug */ = {
			isa = XCBuildConfiguration;
			buildSettings = {
				ALWAYS_SEARCH_USER_PATHS = NO;
				CLANG_CXX_LANGUAGE_STANDARD = "gnu++0x";
				CLANG_CXX_LIBRARY = "libc++";
				CLANG_ENABLE_MODULES = YES;
				CLANG_ENABLE_OBJC_ARC = YES;
				CLANG_WARN_BOOL_CONVERSION = YES;
				CLANG_WARN_CONSTANT_CONVERSION = YES;
				CLANG_WARN_DIRECT_OBJC_ISA_USAGE = YES_ERROR;
				CLANG_WARN_EMPTY_BODY = YES;
				CLANG_WARN_ENUM_CONVERSION = YES;
				CLANG_WARN_INT_CONVERSION = YES;
				CLANG_WARN_OBJC_ROOT_CLASS = YES_ERROR;
				CLANG_WARN_UNREACHABLE_CODE = YES;
				CLANG_WARN__DUPLICATE_METHOD_MATCH = YES;
				"CODE_SIGN_IDENTITY[sdk=iphoneos*]" = "iPhone Developer";
				COPY_PHASE_STRIP = NO;
				DEBUG_INFORMATION_FORMAT = "dwarf-with-dsym";
				ENABLE_STRICT_OBJC_MSGSEND = YES;
				GCC_C_LANGUAGE_STANDARD = gnu99;
				GCC_DYNAMIC_NO_PIC = NO;
				GCC_NO_COMMON_BLOCKS = YES;
				GCC_OPTIMIZATION_LEVEL = 0;
				GCC_PREPROCESSOR_DEFINITIONS = (
					"DEBUG=1",
					"$(inherited)",
				);
				GCC_SYMBOLS_PRIVATE_EXTERN = NO;
				GCC_WARN_64_TO_32_BIT_CONVERSION = YES;
				GCC_WARN_ABOUT_RETURN_TYPE = YES_ERROR;
				GCC_WARN_UNDECLARED_SELECTOR = YES;
				GCC_WARN_UNINITIALIZED_AUTOS = YES_AGGRESSIVE;
				GCC_WARN_UNUSED_FUNCTION = YES;
				GCC_WARN_UNUSED_VARIABLE = YES;
				IPHONEOS_DEPLOYMENT_TARGET = 8.3;
				MTL_ENABLE_DEBUG_INFO = YES;
				ONLY_ACTIVE_ARCH = YES;
				SDKROOT = iphoneos;
			};
			name = Debug;
		};
		45B8CF6E1B4A867C008E4502 /* Release */ = {
			isa = XCBuildConfiguration;
			buildSettings = {
				ALWAYS_SEARCH_USER_PATHS = NO;
				CLANG_CXX_LANGUAGE_STANDARD = "gnu++0x";
				CLANG_CXX_LIBRARY = "libc++";
				CLANG_ENABLE_MODULES = YES;
				CLANG_ENABLE_OBJC_ARC = YES;
				CLANG_WARN_BOOL_CONVERSION = YES;
				CLANG_WARN_CONSTANT_CONVERSION = YES;
				CLANG_WARN_DIRECT_OBJC_ISA_USAGE = YES_ERROR;
				CLANG_WARN_EMPTY_BODY = YES;
				CLANG_WARN_ENUM_CONVERSION = YES;
				CLANG_WARN_INT_CONVERSION = YES;
				CLANG_WARN_OBJC_ROOT_CLASS = YES_ERROR;
				CLANG_WARN_UNREACHABLE_CODE = YES;
				CLANG_WARN__DUPLICATE_METHOD_MATCH = YES;
				"CODE_SIGN_IDENTITY[sdk=iphoneos*]" = "iPhone Developer";
				COPY_PHASE_STRIP = NO;
				DEBUG_INFORMATION_FORMAT = "dwarf-with-dsym";
				ENABLE_NS_ASSERTIONS = NO;
				ENABLE_STRICT_OBJC_MSGSEND = YES;
				GCC_C_LANGUAGE_STANDARD = gnu99;
				GCC_NO_COMMON_BLOCKS = YES;
				GCC_WARN_64_TO_32_BIT_CONVERSION = YES;
				GCC_WARN_ABOUT_RETURN_TYPE = YES_ERROR;
				GCC_WARN_UNDECLARED_SELECTOR = YES;
				GCC_WARN_UNINITIALIZED_AUTOS = YES_AGGRESSIVE;
				GCC_WARN_UNUSED_FUNCTION = YES;
				GCC_WARN_UNUSED_VARIABLE = YES;
				IPHONEOS_DEPLOYMENT_TARGET = 8.3;
				MTL_ENABLE_DEBUG_INFO = NO;
				SDKROOT = iphoneos;
				VALIDATE_PRODUCT = YES;
			};
			name = Release;
		};
		45B8CF701B4A867C008E4502 /* Debug */ = {
			isa = XCBuildConfiguration;
			baseConfigurationReference = C36B24950AEF03FB1AEE9632 /* Pods.debug.xcconfig */;
			buildSettings = {
				ASSETCATALOG_COMPILER_APPICON_NAME = AppIcon;
				INFOPLIST_FILE = ABLoader/Info.plist;
				IPHONEOS_DEPLOYMENT_TARGET = 8.0;
				LD_RUNPATH_SEARCH_PATHS = "$(inherited) @executable_path/Frameworks";
				PRODUCT_NAME = "$(TARGET_NAME)";
			};
			name = Debug;
		};
		45B8CF711B4A867C008E4502 /* Release */ = {
			isa = XCBuildConfiguration;
			baseConfigurationReference = BF3DF814B286991D94FAB3BF /* Pods.release.xcconfig */;
			buildSettings = {
				ASSETCATALOG_COMPILER_APPICON_NAME = AppIcon;
				INFOPLIST_FILE = ABLoader/Info.plist;
				IPHONEOS_DEPLOYMENT_TARGET = 8.0;
				LD_RUNPATH_SEARCH_PATHS = "$(inherited) @executable_path/Frameworks";
				PRODUCT_NAME = "$(TARGET_NAME)";
			};
			name = Release;
		};
		45B8CF731B4A867C008E4502 /* Debug */ = {
			isa = XCBuildConfiguration;
			buildSettings = {
				BUNDLE_LOADER = "$(TEST_HOST)";
				FRAMEWORK_SEARCH_PATHS = (
					"$(SDKROOT)/Developer/Library/Frameworks",
					"$(inherited)",
				);
				GCC_PREPROCESSOR_DEFINITIONS = (
					"DEBUG=1",
					"$(inherited)",
				);
				INFOPLIST_FILE = ABLoaderTests/Info.plist;
				LD_RUNPATH_SEARCH_PATHS = "$(inherited) @executable_path/Frameworks @loader_path/Frameworks";
				PRODUCT_NAME = "$(TARGET_NAME)";
				TEST_HOST = "$(BUILT_PRODUCTS_DIR)/ABLoader.app/ABLoader";
			};
			name = Debug;
		};
		45B8CF741B4A867C008E4502 /* Release */ = {
			isa = XCBuildConfiguration;
			buildSettings = {
				BUNDLE_LOADER = "$(TEST_HOST)";
				FRAMEWORK_SEARCH_PATHS = (
					"$(SDKROOT)/Developer/Library/Frameworks",
					"$(inherited)",
				);
				INFOPLIST_FILE = ABLoaderTests/Info.plist;
				LD_RUNPATH_SEARCH_PATHS = "$(inherited) @executable_path/Frameworks @loader_path/Frameworks";
				PRODUCT_NAME = "$(TARGET_NAME)";
				TEST_HOST = "$(BUILT_PRODUCTS_DIR)/ABLoader.app/ABLoader";
			};
			name = Release;
		};
/* End XCBuildConfiguration section */

/* Begin XCConfigurationList section */
		45B8CF471B4A867C008E4502 /* Build configuration list for PBXProject "ABLoader" */ = {
			isa = XCConfigurationList;
			buildConfigurations = (
				45B8CF6D1B4A867C008E4502 /* Debug */,
				45B8CF6E1B4A867C008E4502 /* Release */,
			);
			defaultConfigurationIsVisible = 0;
			defaultConfigurationName = Release;
		};
		45B8CF6F1B4A867C008E4502 /* Build configuration list for PBXNativeTarget "ABLoader" */ = {
			isa = XCConfigurationList;
			buildConfigurations = (
				45B8CF701B4A867C008E4502 /* Debug */,
				45B8CF711B4A867C008E4502 /* Release */,
			);
			defaultConfigurationIsVisible = 0;
			defaultConfigurationName = Release;
		};
		45B8CF721B4A867C008E4502 /* Build configuration list for PBXNativeTarget "ABLoaderTests" */ = {
			isa = XCConfigurationList;
			buildConfigurations = (
				45B8CF731B4A867C008E4502 /* Debug */,
				45B8CF741B4A867C008E4502 /* Release */,
			);
			defaultConfigurationIsVisible = 0;
			defaultConfigurationName = Release;
		};
/* End XCConfigurationList section */
	};
	rootObject = 45B8CF441B4A867C008E4502 /* Project object */;
}
